schema: 1
type: policy-context

id: resource-group-does-not-have-resource-lock
name: Resource Group is not protected from deletion or modification by a resource lock
labels:
  - contextualization

csp: azure
service: Microsoft.Resources
resource-type: resourceGroups

class: risk
subclass: config
category: visibility
subcategory: hygiene

filters:
  - vendor: prisma-cloud
    policies:
      - 375c75a8-b503-48d1-90a0-79ae6b3cf6a5
    match-type: any
    rules:
      - .vendorId == "prisma-cloud" and .vendorPolicy == "375c75a8-b503-48d1-90a0-79ae6b3cf6a5"

risk-config:
  default-risk: low
