schema: 1
type: policy-context

id: bucket-does-not-have-public-access-block
name: S3 bucket does not have public access block
labels:
  - contextualization

csp: aws
service: s3
resource-type: bucket

class: risk
subclass: config
category: iam
subcategory: public-access

filters:
  - vendor: aws-config
    policies:
      - "s3-account-level-public-access-blocks"
      - "s3-bucket-level-public-access-prohibited"
    match-type: any
    rules:
      - .vendorId == "aws-config" and (.vendorPolicy |contains ("s3-account-level-public-access-blocks"))
      - .vendorId == "aws-config" and (.vendorPolicy |contains ("s3-bucket-level-public-access-prohibited"))
  - vendor: prisma-cloud
    policies:
      - "34064d53-1fd1-42e6-b075-45dce495caca"
      - "b76ad441-e715-4fd0-bbc3-cd3b2bee34bf"
    match-type: any
    rules:
      - .vendorId == "prisma-cloud" and .vendorPolicy == "34064d53-1fd1-42e6-b075-45dce495caca"
      - .vendorId == "prisma-cloud" and .vendorPolicy == "b76ad441-e715-4fd0-bbc3-cd3b2bee34bf"

risk-config:
  default-risk: ""
